
Microsoft Visual Studio Solution File, Format Version 12.00
# Visual Studio 15
Project("{FAE04EC0-301F-11D3-BF4B-00C04F79EFBC}") = "TestCircularGauge.Android", "TestCircularGauge.Android\TestCircularGauge.Android.csproj", "{37B3145B-1D9B-488D-B4E9-360DC7A6D7C4}"
EndProject
Project("{FAE04EC0-301F-11D3-BF4B-00C04F79EFBC}") = "TestCircularGauge.iOS", "TestCircularGauge.iOS\TestCircularGauge.iOS.csproj", "{4954546A-EA94-4301-B9A9-A7AEF08FE702}"
EndProject
Project("{FAE04EC0-301F-11D3-BF4B-00C04F79EFBC}") = "TestCircularGauge", "TestCircularGauge\TestCircularGauge.csproj", "{8829FC0B-4B5E-43CE-A5C3-91FBCAFD7609}"
EndProject
Global
	GlobalSection(SolutionConfigurationPlatforms) = preSolution
		Debug|Any CPU = Debug|Any CPU
		Release|Any CPU = Release|Any CPU
		Debug|iPhoneSimulator = Debug|iPhoneSimulator
		Release|iPhoneSimulator = Release|iPhoneSimulator
		Debug|iPhone = Debug|iPhone
		Release|iPhone = Release|iPhone
	EndGlobalSection
	GlobalSection(ProjectConfigurationPlatforms) = postSolution
		{37B3145B-1D9B-488D-B4E9-360DC7A6D7C4}.Debug|Any CPU.ActiveCfg = Debug|Any CPU
		{37B3145B-1D9B-488D-B4E9-360DC7A6D7C4}.Debug|Any CPU.Build.0 = Debug|Any CPU
		{37B3145B-1D9B-488D-B4E9-360DC7A6D7C4}.Release|Any CPU.ActiveCfg = Release|Any CPU
		{37B3145B-1D9B-488D-B4E9-360DC7A6D7C4}.Release|Any CPU.Build.0 = Release|Any CPU
		{37B3145B-1D9B-488D-B4E9-360DC7A6D7C4}.Debug|iPhoneSimulator.ActiveCfg = Debug|Any CPU
		{37B3145B-1D9B-488D-B4E9-360DC7A6D7C4}.Debug|iPhoneSimulator.Build.0 = Debug|Any CPU
		{37B3145B-1D9B-488D-B4E9-360DC7A6D7C4}.Release|iPhoneSimulator.ActiveCfg = Release|Any CPU
		{37B3145B-1D9B-488D-B4E9-360DC7A6D7C4}.Release|iPhoneSimulator.Build.0 = Release|Any CPU
		{37B3145B-1D9B-488D-B4E9-360DC7A6D7C4}.Debug|iPhone.ActiveCfg = Debug|Any CPU
		{37B3145B-1D9B-488D-B4E9-360DC7A6D7C4}.Debug|iPhone.Build.0 = Debug|Any CPU
		{37B3145B-1D9B-488D-B4E9-360DC7A6D7C4}.Release|iPhone.ActiveCfg = Release|Any CPU
		{37B3145B-1D9B-488D-B4E9-360DC7A6D7C4}.Release|iPhone.Build.0 = Release|Any CPU
		{4954546A-EA94-4301-B9A9-A7AEF08FE702}.Debug|Any CPU.ActiveCfg = Debug|iPhoneSimulator
		{4954546A-EA94-4301-B9A9-A7AEF08FE702}.Debug|Any CPU.Build.0 = Debug|iPhoneSimulator
		{4954546A-EA94-4301-B9A9-A7AEF08FE702}.Release|Any CPU.ActiveCfg = Release|iPhoneSimulator
		{4954546A-EA94-4301-B9A9-A7AEF08FE702}.Release|Any CPU.Build.0 = Release|iPhoneSimulator
		{4954546A-EA94-4301-B9A9-A7AEF08FE702}.Debug|iPhoneSimulator.ActiveCfg = Debug|iPhoneSimulator
		{4954546A-EA94-4301-B9A9-A7AEF08FE702}.Debug|iPhoneSimulator.Build.0 = Debug|iPhoneSimulator
		{4954546A-EA94-4301-B9A9-A7AEF08FE702}.Release|iPhoneSimulator.ActiveCfg = Release|iPhoneSimulator
		{4954546A-EA94-4301-B9A9-A7AEF08FE702}.Release|iPhoneSimulator.Build.0 = Release|iPhoneSimulator
		{4954546A-EA94-4301-B9A9-A7AEF08FE702}.Debug|iPhone.ActiveCfg = Debug|iPhone
		{4954546A-EA94-4301-B9A9-A7AEF08FE702}.Debug|iPhone.Build.0 = Debug|iPhone
		{4954546A-EA94-4301-B9A9-A7AEF08FE702}.Release|iPhone.ActiveCfg = Release|iPhone
		{4954546A-EA94-4301-B9A9-A7AEF08FE702}.Release|iPhone.Build.0 = Release|iPhone
		{8829FC0B-4B5E-43CE-A5C3-91FBCAFD7609}.Debug|Any CPU.ActiveCfg = Debug|Any CPU
		{8829FC0B-4B5E-43CE-A5C3-91FBCAFD7609}.Debug|Any CPU.Build.0 = Debug|Any CPU
		{8829FC0B-4B5E-43CE-A5C3-91FBCAFD7609}.Release|Any CPU.ActiveCfg = Release|Any CPU
		{8829FC0B-4B5E-43CE-A5C3-91FBCAFD7609}.Release|Any CPU.Build.0 = Release|Any CPU
		{8829FC0B-4B5E-43CE-A5C3-91FBCAFD7609}.Debug|iPhoneSimulator.ActiveCfg = Debug|Any CPU
		{8829FC0B-4B5E-43CE-A5C3-91FBCAFD7609}.Debug|iPhoneSimulator.Build.0 = Debug|Any CPU
		{8829FC0B-4B5E-43CE-A5C3-91FBCAFD7609}.Release|iPhoneSimulator.ActiveCfg = Release|Any CPU
		{8829FC0B-4B5E-43CE-A5C3-91FBCAFD7609}.Release|iPhoneSimulator.Build.0 = Release|Any CPU
		{8829FC0B-4B5E-43CE-A5C3-91FBCAFD7609}.Debug|iPhone.ActiveCfg = Debug|Any CPU
		{8829FC0B-4B5E-43CE-A5C3-91FBCAFD7609}.Debug|iPhone.Build.0 = Debug|Any CPU
		{8829FC0B-4B5E-43CE-A5C3-91FBCAFD7609}.Release|iPhone.ActiveCfg = Release|Any CPU
		{8829FC0B-4B5E-43CE-A5C3-91FBCAFD7609}.Release|iPhone.Build.0 = Release|Any CPU
	EndGlobalSection
EndGlobal
